
Microsoft Visual Studio Solution File, Format Version 12.00
# Visual Studio 15
VisualStudioVersion = 15.0.28307.1022
MinimumVisualStudioVersion = 10.0.40219.1
Project("{FAE04EC0-301F-11D3-BF4B-00C04F79EFBC}") = "SR", "SR\SR.csproj", "{5A9AF11E-A594-410A-A5C5-C104E4864CEE}"
EndProject
Global
	GlobalSection(SolutionConfigurationPlatforms) = preSolution
		Debug|Any CPU = Debug|Any CPU
		Release|Any CPU = Release|Any CPU
	EndGlobalSection
	GlobalSection(ProjectConfigurationPlatforms) = postSolution
		{5A9AF11E-A594-410A-A5C5-C104E4864CEE}.Debug|Any CPU.ActiveCfg = Debug|Any CPU
		{5A9AF11E-A594-410A-A5C5-C104E4864CEE}.Debug|Any CPU.Build.0 = Debug|Any CPU
		{5A9AF11E-A594-410A-A5C5-C104E4864CEE}.Release|Any CPU.ActiveCfg = Release|Any CPU
		{5A9AF11E-A594-410A-A5C5-C104E4864CEE}.Release|Any CPU.Build.0 = Release|Any CPU
	EndGlobalSection
	GlobalSection(SolutionProperties) = preSolution
		HideSolutionNode = FALSE
	EndGlobalSection
	GlobalSection(ExtensibilityGlobals) = postSolution
		SolutionGuid = {2AE8AC67-66AC-4ED1-81C3-FF2C77F30B5B}
	EndGlobalSection
EndGlobal
